
Microsoft Visual Studio Solution File, Format Version 12.00
# Visual Studio Version 16
VisualStudioVersion = 16.0.30804.86
MinimumVisualStudioVersion = 10.0.40219.1
Project("{2150E333-8FDC-42A3-9474-1A3956D46DE8}") = "Auth", "Auth", "{6DE433D5-EC34-44AC-8AFB-B86B5958D5C5}"
EndProject
Project("{2150E333-8FDC-42A3-9474-1A3956D46DE8}") = "Location", "Location", "{72A0273B-EF0B-475D-AC43-6141CFDE12C3}"
EndProject
Project("{9A19103F-16F7-4668-BE54-9A1E7A4F7556}") = "Auth.API", "Auth\Auth.API\Auth.API.csproj", "{65163831-F8F9-43D5-B302-22B2DBE071DF}"
EndProject
Project("{9A19103F-16F7-4668-BE54-9A1E7A4F7556}") = "Auth.Infrastructure", "Auth\Auth.Infrastructure\Auth.Infrastructure.csproj", "{3C490535-2F68-4D4F-BC76-08A7C1A2A599}"
EndProject
Project("{9A19103F-16F7-4668-BE54-9A1E7A4F7556}") = "Location.API", "Location\Location.API\Location.API.csproj", "{2810C7EF-254A-46EB-A224-D0C5E14F7475}"
EndProject
Project("{9A19103F-16F7-4668-BE54-9A1E7A4F7556}") = "Location.Infrastructure", "Location\Location.Infrastructure\Location.Infrastructure.csproj", "{F00A7A58-9F15-486F-A76A-69C9A2476302}"
EndProject
Project("{9A19103F-16F7-4668-BE54-9A1E7A4F7556}") = "Auth.Domain", "Auth\Auth.Domain\Auth.Domain.csproj", "{3C24856A-59D6-4613-B72B-2626ADCE8D0D}"
EndProject
Project("{9A19103F-16F7-4668-BE54-9A1E7A4F7556}") = "Auth.Tests", "Auth\Auth.Tests\Auth.Tests.csproj", "{0E488244-E6E6-4A59-8C60-661B979AB107}"
EndProject
Project("{2150E333-8FDC-42A3-9474-1A3956D46DE8}") = "Email", "Email", "{F3014249-55AB-4802-9E57-33A8BF2E93CB}"
EndProject
Project("{9A19103F-16F7-4668-BE54-9A1E7A4F7556}") = "Email.API", "Email\Email.API\Email.API.csproj", "{23F6B19B-6EB1-4AB5-AFCA-D882F9C17E94}"
EndProject
Project("{9A19103F-16F7-4668-BE54-9A1E7A4F7556}") = "Auth.IntegrationEvents", "Auth\Auth.IntegrationEvents\Auth.IntegrationEvents.csproj", "{C8B71C84-E95F-4E0B-BB3F-A84A296C2ADD}"
EndProject
Project("{2150E333-8FDC-42A3-9474-1A3956D46DE8}") = "Shared", "Shared", "{5127FEF7-AB49-4114-BD80-06FF85F88EC9}"
EndProject
Project("{2150E333-8FDC-42A3-9474-1A3956D46DE8}") = "Transport", "Transport", "{E17402C0-20CE-411A-9AD2-CC06A7606C88}"
EndProject
Project("{2150E333-8FDC-42A3-9474-1A3956D46DE8}") = "BuildingBlocks", "BuildingBlocks", "{A0FBD4B9-0BF0-44E8-AF54-7A71B08EBFFC}"
EndProject
Project("{9A19103F-16F7-4668-BE54-9A1E7A4F7556}") = "BuildingBlocks.Domain", "Shared\BuildingBlocks\BuildingBlocks.Domain\BuildingBlocks.Domain.csproj", "{0B48CC2A-E37D-4EA2-B095-353BCEF211E2}"
EndProject
Project("{9A19103F-16F7-4668-BE54-9A1E7A4F7556}") = "BuildingBlocks.API", "Shared\BuildingBlocks\BuildingBlocks.API\BuildingBlocks.API.csproj", "{EAFC8A2E-E2D9-468F-A38D-EE0A4DD603D6}"
EndProject
Project("{9A19103F-16F7-4668-BE54-9A1E7A4F7556}") = "Location.Domain", "Location\Location.Domain\Location.Domain.csproj", "{E6B9D96F-A050-4D41-AE00-0CDB2B6E8D84}"
EndProject
Project("{9A19103F-16F7-4668-BE54-9A1E7A4F7556}") = "Location.Tests", "Location\Location.Tests\Location.Tests.csproj", "{407597C4-5DAF-4238-8E24-B4551B3479D1}"
EndProject
Project("{9A19103F-16F7-4668-BE54-9A1E7A4F7556}") = "Location.Application", "Location\Location.Application\Location.Application.csproj", "{2008985D-85E1-42DB-832A-BA008AECF732}"
EndProject
Project("{9A19103F-16F7-4668-BE54-9A1E7A4F7556}") = "BuildingBlocks.Application", "Shared\BuildingBlocks\BuildingBlocks.Application\BuildingBlocks.Application.csproj", "{A6FCFDAC-580D-42B1-9BC9-86337470FED4}"
EndProject
Project("{9A19103F-16F7-4668-BE54-9A1E7A4F7556}") = "Auth.Application", "Auth\Auth.Application\Auth.Application.csproj", "{4CA1BC70-E41D-4ED5-A2B6-FF5A984DCDC1}"
EndProject
Project("{9A19103F-16F7-4668-BE54-9A1E7A4F7556}") = "Transport.API", "Transport\Transport.API\Transport.API.csproj", "{CE7CC322-758A-43CC-9404-8FC6DA799001}"
EndProject
Project("{9A19103F-16F7-4668-BE54-9A1E7A4F7556}") = "Transport.Application", "Transport\Transport.Application\Transport.Application.csproj", "{B463341B-FE2E-4B8E-AE46-24E4E6B62C54}"
EndProject
Project("{9A19103F-16F7-4668-BE54-9A1E7A4F7556}") = "Transport.Domain", "Transport\Transport.Domain\Transport.Domain.csproj", "{4BFD421E-D838-421D-B023-DEA2BFD1199F}"
EndProject
Project("{9A19103F-16F7-4668-BE54-9A1E7A4F7556}") = "Transport.Infrastructure", "Transport\Transport.Infrastructure\Transport.Infrastructure.csproj", "{6DF6193B-D2C0-4DD3-B9ED-946E1AAA2BD2}"
EndProject
Project("{FAE04EC0-301F-11D3-BF4B-00C04F79EFBC}") = "BuildingBlocks.Infrastructure", "Shared\BuildingBlocks\BuildingBlocks.Infrastructure\BuildingBlocks.Infrastructure.csproj", "{966215C0-5709-4318-B5D8-77352D10E7C5}"
EndProject
Project("{9A19103F-16F7-4668-BE54-9A1E7A4F7556}") = "BuildingBlocks.EventBus", "Shared\BuildingBlocks\BuildingBlocks.EventBus\BuildingBlocks.EventBus.csproj", "{6A1042EF-A108-4A82-A339-033DE3517678}"
EndProject
Global
	GlobalSection(SolutionConfigurationPlatforms) = preSolution
		Debug|Any CPU = Debug|Any CPU
		Release|Any CPU = Release|Any CPU
	EndGlobalSection
	GlobalSection(ProjectConfigurationPlatforms) = postSolution
		{65163831-F8F9-43D5-B302-22B2DBE071DF}.Debug|Any CPU.ActiveCfg = Debug|Any CPU
		{65163831-F8F9-43D5-B302-22B2DBE071DF}.Debug|Any CPU.Build.0 = Debug|Any CPU
		{65163831-F8F9-43D5-B302-22B2DBE071DF}.Release|Any CPU.ActiveCfg = Release|Any CPU
		{65163831-F8F9-43D5-B302-22B2DBE071DF}.Release|Any CPU.Build.0 = Release|Any CPU
		{3C490535-2F68-4D4F-BC76-08A7C1A2A599}.Debug|Any CPU.ActiveCfg = Debug|Any CPU
		{3C490535-2F68-4D4F-BC76-08A7C1A2A599}.Debug|Any CPU.Build.0 = Debug|Any CPU
		{3C490535-2F68-4D4F-BC76-08A7C1A2A599}.Release|Any CPU.ActiveCfg = Release|Any CPU
		{3C490535-2F68-4D4F-BC76-08A7C1A2A599}.Release|Any CPU.Build.0 = Release|Any CPU
		{2810C7EF-254A-46EB-A224-D0C5E14F7475}.Debug|Any CPU.ActiveCfg = Debug|Any CPU
		{2810C7EF-254A-46EB-A224-D0C5E14F7475}.Debug|Any CPU.Build.0 = Debug|Any CPU
		{2810C7EF-254A-46EB-A224-D0C5E14F7475}.Release|Any CPU.ActiveCfg = Release|Any CPU
		{2810C7EF-254A-46EB-A224-D0C5E14F7475}.Release|Any CPU.Build.0 = Release|Any CPU
		{F00A7A58-9F15-486F-A76A-69C9A2476302}.Debug|Any CPU.ActiveCfg = Debug|Any CPU
		{F00A7A58-9F15-486F-A76A-69C9A2476302}.Debug|Any CPU.Build.0 = Debug|Any CPU
		{F00A7A58-9F15-486F-A76A-69C9A2476302}.Release|Any CPU.ActiveCfg = Release|Any CPU
		{F00A7A58-9F15-486F-A76A-69C9A2476302}.Release|Any CPU.Build.0 = Release|Any CPU
		{3C24856A-59D6-4613-B72B-2626ADCE8D0D}.Debug|Any CPU.ActiveCfg = Debug|Any CPU
		{3C24856A-59D6-4613-B72B-2626ADCE8D0D}.Debug|Any CPU.Build.0 = Debug|Any CPU
		{3C24856A-59D6-4613-B72B-2626ADCE8D0D}.Release|Any CPU.ActiveCfg = Release|Any CPU
		{3C24856A-59D6-4613-B72B-2626ADCE8D0D}.Release|Any CPU.Build.0 = Release|Any CPU
		{0E488244-E6E6-4A59-8C60-661B979AB107}.Debug|Any CPU.ActiveCfg = Debug|Any CPU
		{0E488244-E6E6-4A59-8C60-661B979AB107}.Debug|Any CPU.Build.0 = Debug|Any CPU
		{0E488244-E6E6-4A59-8C60-661B979AB107}.Release|Any CPU.ActiveCfg = Release|Any CPU
		{0E488244-E6E6-4A59-8C60-661B979AB107}.Release|Any CPU.Build.0 = Release|Any CPU
		{23F6B19B-6EB1-4AB5-AFCA-D882F9C17E94}.Debug|Any CPU.ActiveCfg = Debug|Any CPU
		{23F6B19B-6EB1-4AB5-AFCA-D882F9C17E94}.Debug|Any CPU.Build.0 = Debug|Any CPU
		{23F6B19B-6EB1-4AB5-AFCA-D882F9C17E94}.Release|Any CPU.ActiveCfg = Release|Any CPU
		{23F6B19B-6EB1-4AB5-AFCA-D882F9C17E94}.Release|Any CPU.Build.0 = Release|Any CPU
		{C8B71C84-E95F-4E0B-BB3F-A84A296C2ADD}.Debug|Any CPU.ActiveCfg = Debug|Any CPU
		{C8B71C84-E95F-4E0B-BB3F-A84A296C2ADD}.Debug|Any CPU.Build.0 = Debug|Any CPU
		{C8B71C84-E95F-4E0B-BB3F-A84A296C2ADD}.Release|Any CPU.ActiveCfg = Release|Any CPU
		{C8B71C84-E95F-4E0B-BB3F-A84A296C2ADD}.Release|Any CPU.Build.0 = Release|Any CPU
		{0B48CC2A-E37D-4EA2-B095-353BCEF211E2}.Debug|Any CPU.ActiveCfg = Debug|Any CPU
		{0B48CC2A-E37D-4EA2-B095-353BCEF211E2}.Debug|Any CPU.Build.0 = Debug|Any CPU
		{0B48CC2A-E37D-4EA2-B095-353BCEF211E2}.Release|Any CPU.ActiveCfg = Release|Any CPU
		{0B48CC2A-E37D-4EA2-B095-353BCEF211E2}.Release|Any CPU.Build.0 = Release|Any CPU
		{EAFC8A2E-E2D9-468F-A38D-EE0A4DD603D6}.Debug|Any CPU.ActiveCfg = Debug|Any CPU
		{EAFC8A2E-E2D9-468F-A38D-EE0A4DD603D6}.Debug|Any CPU.Build.0 = Debug|Any CPU
		{EAFC8A2E-E2D9-468F-A38D-EE0A4DD603D6}.Release|Any CPU.ActiveCfg = Release|Any CPU
		{EAFC8A2E-E2D9-468F-A38D-EE0A4DD603D6}.Release|Any CPU.Build.0 = Release|Any CPU
		{E6B9D96F-A050-4D41-AE00-0CDB2B6E8D84}.Debug|Any CPU.ActiveCfg = Debug|Any CPU
		{E6B9D96F-A050-4D41-AE00-0CDB2B6E8D84}.Debug|Any CPU.Build.0 = Debug|Any CPU
		{E6B9D96F-A050-4D41-AE00-0CDB2B6E8D84}.Release|Any CPU.ActiveCfg = Release|Any CPU
		{E6B9D96F-A050-4D41-AE00-0CDB2B6E8D84}.Release|Any CPU.Build.0 = Release|Any CPU
		{407597C4-5DAF-4238-8E24-B4551B3479D1}.Debug|Any CPU.ActiveCfg = Debug|Any CPU
		{407597C4-5DAF-4238-8E24-B4551B3479D1}.Debug|Any CPU.Build.0 = Debug|Any CPU
		{407597C4-5DAF-4238-8E24-B4551B3479D1}.Release|Any CPU.ActiveCfg = Release|Any CPU
		{407597C4-5DAF-4238-8E24-B4551B3479D1}.Release|Any CPU.Build.0 = Release|Any CPU
		{2008985D-85E1-42DB-832A-BA008AECF732}.Debug|Any CPU.ActiveCfg = Debug|Any CPU
		{2008985D-85E1-42DB-832A-BA008AECF732}.Debug|Any CPU.Build.0 = Debug|Any CPU
		{2008985D-85E1-42DB-832A-BA008AECF732}.Release|Any CPU.ActiveCfg = Release|Any CPU
		{2008985D-85E1-42DB-832A-BA008AECF732}.Release|Any CPU.Build.0 = Release|Any CPU
		{A6FCFDAC-580D-42B1-9BC9-86337470FED4}.Debug|Any CPU.ActiveCfg = Debug|Any CPU
		{A6FCFDAC-580D-42B1-9BC9-86337470FED4}.Debug|Any CPU.Build.0 = Debug|Any CPU
		{A6FCFDAC-580D-42B1-9BC9-86337470FED4}.Release|Any CPU.ActiveCfg = Release|Any CPU
		{A6FCFDAC-580D-42B1-9BC9-86337470FED4}.Release|Any CPU.Build.0 = Release|Any CPU
		{4CA1BC70-E41D-4ED5-A2B6-FF5A984DCDC1}.Debug|Any CPU.ActiveCfg = Debug|Any CPU
		{4CA1BC70-E41D-4ED5-A2B6-FF5A984DCDC1}.Debug|Any CPU.Build.0 = Debug|Any CPU
		{4CA1BC70-E41D-4ED5-A2B6-FF5A984DCDC1}.Release|Any CPU.ActiveCfg = Release|Any CPU
		{4CA1BC70-E41D-4ED5-A2B6-FF5A984DCDC1}.Release|Any CPU.Build.0 = Release|Any CPU
		{CE7CC322-758A-43CC-9404-8FC6DA799001}.Debug|Any CPU.ActiveCfg = Debug|Any CPU
		{CE7CC322-758A-43CC-9404-8FC6DA799001}.Debug|Any CPU.Build.0 = Debug|Any CPU
		{CE7CC322-758A-43CC-9404-8FC6DA799001}.Release|Any CPU.ActiveCfg = Release|Any CPU
		{CE7CC322-758A-43CC-9404-8FC6DA799001}.Release|Any CPU.Build.0 = Release|Any CPU
		{B463341B-FE2E-4B8E-AE46-24E4E6B62C54}.Debug|Any CPU.ActiveCfg = Debug|Any CPU
		{B463341B-FE2E-4B8E-AE46-24E4E6B62C54}.Debug|Any CPU.Build.0 = Debug|Any CPU
		{B463341B-FE2E-4B8E-AE46-24E4E6B62C54}.Release|Any CPU.ActiveCfg = Release|Any CPU
		{B463341B-FE2E-4B8E-AE46-24E4E6B62C54}.Release|Any CPU.Build.0 = Release|Any CPU
		{4BFD421E-D838-421D-B023-DEA2BFD1199F}.Debug|Any CPU.ActiveCfg = Debug|Any CPU
		{4BFD421E-D838-421D-B023-DEA2BFD1199F}.Debug|Any CPU.Build.0 = Debug|Any CPU
		{4BFD421E-D838-421D-B023-DEA2BFD1199F}.Release|Any CPU.ActiveCfg = Release|Any CPU
		{4BFD421E-D838-421D-B023-DEA2BFD1199F}.Release|Any CPU.Build.0 = Release|Any CPU
		{6DF6193B-D2C0-4DD3-B9ED-946E1AAA2BD2}.Debug|Any CPU.ActiveCfg = Debug|Any CPU
		{6DF6193B-D2C0-4DD3-B9ED-946E1AAA2BD2}.Debug|Any CPU.Build.0 = Debug|Any CPU
		{6DF6193B-D2C0-4DD3-B9ED-946E1AAA2BD2}.Release|Any CPU.ActiveCfg = Release|Any CPU
		{6DF6193B-D2C0-4DD3-B9ED-946E1AAA2BD2}.Release|Any CPU.Build.0 = Release|Any CPU
		{966215C0-5709-4318-B5D8-77352D10E7C5}.Debug|Any CPU.ActiveCfg = Debug|Any CPU
		{966215C0-5709-4318-B5D8-77352D10E7C5}.Debug|Any CPU.Build.0 = Debug|Any CPU
		{966215C0-5709-4318-B5D8-77352D10E7C5}.Release|Any CPU.ActiveCfg = Release|Any CPU
		{966215C0-5709-4318-B5D8-77352D10E7C5}.Release|Any CPU.Build.0 = Release|Any CPU
		{6A1042EF-A108-4A82-A339-033DE3517678}.Debug|Any CPU.ActiveCfg = Debug|Any CPU
		{6A1042EF-A108-4A82-A339-033DE3517678}.Debug|Any CPU.Build.0 = Debug|Any CPU
		{6A1042EF-A108-4A82-A339-033DE3517678}.Release|Any CPU.ActiveCfg = Release|Any CPU
		{6A1042EF-A108-4A82-A339-033DE3517678}.Release|Any CPU.Build.0 = Release|Any CPU
	EndGlobalSection
	GlobalSection(SolutionProperties) = preSolution
		HideSolutionNode = FALSE
	EndGlobalSection
	GlobalSection(NestedProjects) = preSolution
		{65163831-F8F9-43D5-B302-22B2DBE071DF} = {6DE433D5-EC34-44AC-8AFB-B86B5958D5C5}
		{3C490535-2F68-4D4F-BC76-08A7C1A2A599} = {6DE433D5-EC34-44AC-8AFB-B86B5958D5C5}
		{2810C7EF-254A-46EB-A224-D0C5E14F7475} = {72A0273B-EF0B-475D-AC43-6141CFDE12C3}
		{F00A7A58-9F15-486F-A76A-69C9A2476302} = {72A0273B-EF0B-475D-AC43-6141CFDE12C3}
		{3C24856A-59D6-4613-B72B-2626ADCE8D0D} = {6DE433D5-EC34-44AC-8AFB-B86B5958D5C5}
		{0E488244-E6E6-4A59-8C60-661B979AB107} = {6DE433D5-EC34-44AC-8AFB-B86B5958D5C5}
		{23F6B19B-6EB1-4AB5-AFCA-D882F9C17E94} = {F3014249-55AB-4802-9E57-33A8BF2E93CB}
		{C8B71C84-E95F-4E0B-BB3F-A84A296C2ADD} = {6DE433D5-EC34-44AC-8AFB-B86B5958D5C5}
		{A0FBD4B9-0BF0-44E8-AF54-7A71B08EBFFC} = {5127FEF7-AB49-4114-BD80-06FF85F88EC9}
		{0B48CC2A-E37D-4EA2-B095-353BCEF211E2} = {A0FBD4B9-0BF0-44E8-AF54-7A71B08EBFFC}
		{EAFC8A2E-E2D9-468F-A38D-EE0A4DD603D6} = {A0FBD4B9-0BF0-44E8-AF54-7A71B08EBFFC}
		{E6B9D96F-A050-4D41-AE00-0CDB2B6E8D84} = {72A0273B-EF0B-475D-AC43-6141CFDE12C3}
		{407597C4-5DAF-4238-8E24-B4551B3479D1} = {72A0273B-EF0B-475D-AC43-6141CFDE12C3}
		{2008985D-85E1-42DB-832A-BA008AECF732} = {72A0273B-EF0B-475D-AC43-6141CFDE12C3}
		{A6FCFDAC-580D-42B1-9BC9-86337470FED4} = {A0FBD4B9-0BF0-44E8-AF54-7A71B08EBFFC}
		{4CA1BC70-E41D-4ED5-A2B6-FF5A984DCDC1} = {6DE433D5-EC34-44AC-8AFB-B86B5958D5C5}
		{CE7CC322-758A-43CC-9404-8FC6DA799001} = {E17402C0-20CE-411A-9AD2-CC06A7606C88}
		{B463341B-FE2E-4B8E-AE46-24E4E6B62C54} = {E17402C0-20CE-411A-9AD2-CC06A7606C88}
		{4BFD421E-D838-421D-B023-DEA2BFD1199F} = {E17402C0-20CE-411A-9AD2-CC06A7606C88}
		{6DF6193B-D2C0-4DD3-B9ED-946E1AAA2BD2} = {E17402C0-20CE-411A-9AD2-CC06A7606C88}
		{966215C0-5709-4318-B5D8-77352D10E7C5} = {A0FBD4B9-0BF0-44E8-AF54-7A71B08EBFFC}
		{6A1042EF-A108-4A82-A339-033DE3517678} = {A0FBD4B9-0BF0-44E8-AF54-7A71B08EBFFC}
	EndGlobalSection
	GlobalSection(ExtensibilityGlobals) = postSolution
		SolutionGuid = {F044E530-4061-4F90-B243-8F16F58691A8}
	EndGlobalSection
EndGlobal
